
Microsoft Visual Studio Solution File, Format Version 12.00
# Visual Studio 2012
Project("{2150E333-8FDC-42A3-9474-1A3956D46DE8}") = "Solution Items", "Solution Items", "{3904C32A-00D0-4084-9F7C-8D566E029CE0}"
	ProjectSection(SolutionItems) = preProject
		Local.testsettings = Local.testsettings
		PatientAccessAutomatedUITests.vsmdi = PatientAccessAutomatedUITests.vsmdi
		TraceAndTestImpact.testsettings = TraceAndTestImpact.testsettings
	EndProjectSection
EndProject
Project("{FAE04EC0-301F-11D3-BF4B-00C04F79EFBC}") = "PatientAccessUIAutomationTests", "Tests\PatientAccessUIAutomationTests\PatientAccessUIAutomationTests.csproj", "{24AEC1AD-5D85-4488-92EC-6EF7943724E1}"
EndProject
Global
	GlobalSection(TestCaseManagementSettings) = postSolution
		CategoryFile = PatientAccessAutomatedUITests.vsmdi
	EndGlobalSection
	GlobalSection(SolutionConfigurationPlatforms) = preSolution
		Debug|Any CPU = Debug|Any CPU
		Release|Any CPU = Release|Any CPU
	EndGlobalSection
	GlobalSection(ProjectConfigurationPlatforms) = postSolution
		{24AEC1AD-5D85-4488-92EC-6EF7943724E1}.Debug|Any CPU.ActiveCfg = Debug|Any CPU
		{24AEC1AD-5D85-4488-92EC-6EF7943724E1}.Debug|Any CPU.Build.0 = Debug|Any CPU
		{24AEC1AD-5D85-4488-92EC-6EF7943724E1}.Release|Any CPU.ActiveCfg = Release|Any CPU
		{24AEC1AD-5D85-4488-92EC-6EF7943724E1}.Release|Any CPU.Build.0 = Release|Any CPU
	EndGlobalSection
	GlobalSection(SolutionProperties) = preSolution
		HideSolutionNode = FALSE
	EndGlobalSection
EndGlobal
